
Microsoft Visual Studio Solution File, Format Version 12.00
# Visual Studio 2013
VisualStudioVersion = 12.0.40629.0
MinimumVisualStudioVersion = 10.0.40219.1
Project("{FAE04EC0-301F-11D3-BF4B-00C04F79EFBC}") = "MaterialDesignMessageBox", "MaterialDesignMessageBox\MaterialDesignMessageBox.csproj", "{FAEB22F8-0028-4C2E-98DD-D227E262D09B}"
EndProject
Project("{FAE04EC0-301F-11D3-BF4B-00C04F79EFBC}") = "MaterialDesignMessageBox.Demo", "MaterialDesignMessageBox.Demo\MaterialDesignMessageBox.Demo.csproj", "{5DCD5992-B578-48E2-B8F3-DA3B786326D6}"
EndProject
Global
	GlobalSection(SolutionConfigurationPlatforms) = preSolution
		Debug|Any CPU = Debug|Any CPU
		Release|Any CPU = Release|Any CPU
	EndGlobalSection
	GlobalSection(ProjectConfigurationPlatforms) = postSolution
		{FAEB22F8-0028-4C2E-98DD-D227E262D09B}.Debug|Any CPU.ActiveCfg = Debug|Any CPU
		{FAEB22F8-0028-4C2E-98DD-D227E262D09B}.Debug|Any CPU.Build.0 = Debug|Any CPU
		{FAEB22F8-0028-4C2E-98DD-D227E262D09B}.Release|Any CPU.ActiveCfg = Release|Any CPU
		{FAEB22F8-0028-4C2E-98DD-D227E262D09B}.Release|Any CPU.Build.0 = Release|Any CPU
		{5DCD5992-B578-48E2-B8F3-DA3B786326D6}.Debug|Any CPU.ActiveCfg = Debug|Any CPU
		{5DCD5992-B578-48E2-B8F3-DA3B786326D6}.Debug|Any CPU.Build.0 = Debug|Any CPU
		{5DCD5992-B578-48E2-B8F3-DA3B786326D6}.Release|Any CPU.ActiveCfg = Release|Any CPU
		{5DCD5992-B578-48E2-B8F3-DA3B786326D6}.Release|Any CPU.Build.0 = Release|Any CPU
	EndGlobalSection
	GlobalSection(SolutionProperties) = preSolution
		HideSolutionNode = FALSE
	EndGlobalSection
EndGlobal
